schema: '2.0'
stages:
  data_extraction:
    cmd: python data_extraction.py
    deps:
    - path: data
      hash: md5
      md5: ce5e322344ae861016568da5b4d5b34f.dir
      size: 228434793
      nfiles: 10028
    - path: data_extraction.py
      hash: md5
      md5: 8cad69f2e1ce47ab836bdb1c11983f39
      size: 677
    outs:
    - path: subset
      hash: md5
      md5: 8a2ca7599df22855022f805337b43758.dir
      size: 113795522
      nfiles: 4998
  data_preprocessing:
    cmd: python data_preprocessing.py
    deps:
    - path: base.h5
      hash: md5
      md5: 3b73194463f0c05b1b0075ae62e32ed2
      size: 58921912
    - path: data_preprocessing.py
      hash: md5
      md5: 1f17c3e597aa7018629401839e86076b
      size: 1684
    - path: subset
      hash: md5
      md5: 8a2ca7599df22855022f805337b43758.dir
      size: 113795522
      nfiles: 4998
    outs:
    - path: preprocessed
      hash: md5
      md5: b5d1f314a86740a8cc489ead96a3cf59.dir
      size: 255918360
      nfiles: 6
  train:
    cmd: python train.py
    deps:
    - path: preprocessed
      hash: md5
      md5: b5d1f314a86740a8cc489ead96a3cf59.dir
      size: 255918360
      nfiles: 6
    - path: train.py
      hash: md5
      md5: a1b53d66cfb9c24195ba106b3729d64c
      size: 772
    outs:
    - path: model.h5
      hash: md5
      md5: 6722dedc923946260a5ee9956585d56f
      size: 26242152
  evaluate:
    cmd: python evaluate.py
    deps:
    - path: evaluate.py
      hash: md5
      md5: e51ca30842edaaefd7a6f2ae89b6d5f1
      size: 389
    - path: preprocessed
      hash: md5
      md5: b5d1f314a86740a8cc489ead96a3cf59.dir
      size: 255918360
      nfiles: 6
    outs:
    - path: metrics.json
      hash: md5
      md5: feee762714da261812856d2f5b893e2e
      size: 39
